
Microsoft Visual Studio Solution File, Format Version 12.00
# Visual Studio Version 17
VisualStudioVersion = 17.6.33801.468
MinimumVisualStudioVersion = 10.0.40219.1
Project("{9A19103F-16F7-4668-BE54-9A1E7A4F7556}") = "Core.Module", "Core.Module\Core.Module.csproj", "{4A13CF78-DE20-4699-9573-46A145344AB0}"
EndProject
Project("{FAE04EC0-301F-11D3-BF4B-00C04F79EFBC}") = "Core.Generator", "Core.Generator\Core.Generator.csproj", "{4EFFCC3B-BF91-4822-89CA-906B6CAF5302}"
EndProject
Project("{FAE04EC0-301F-11D3-BF4B-00C04F79EFBC}") = "Core.Abstract", "Core.Abstract\Core.Abstract.csproj", "{27CFB65C-90B9-48BE-B3D6-45B3F0F29335}"
EndProject
Global
	GlobalSection(SolutionConfigurationPlatforms) = preSolution
		Debug|Any CPU = Debug|Any CPU
		Release|Any CPU = Release|Any CPU
	EndGlobalSection
	GlobalSection(ProjectConfigurationPlatforms) = postSolution
		{4A13CF78-DE20-4699-9573-46A145344AB0}.Debug|Any CPU.ActiveCfg = Debug|Any CPU
		{4A13CF78-DE20-4699-9573-46A145344AB0}.Debug|Any CPU.Build.0 = Debug|Any CPU
		{4A13CF78-DE20-4699-9573-46A145344AB0}.Release|Any CPU.ActiveCfg = Release|Any CPU
		{4A13CF78-DE20-4699-9573-46A145344AB0}.Release|Any CPU.Build.0 = Release|Any CPU
		{4EFFCC3B-BF91-4822-89CA-906B6CAF5302}.Debug|Any CPU.ActiveCfg = Debug|Any CPU
		{4EFFCC3B-BF91-4822-89CA-906B6CAF5302}.Debug|Any CPU.Build.0 = Debug|Any CPU
		{4EFFCC3B-BF91-4822-89CA-906B6CAF5302}.Release|Any CPU.ActiveCfg = Release|Any CPU
		{4EFFCC3B-BF91-4822-89CA-906B6CAF5302}.Release|Any CPU.Build.0 = Release|Any CPU
		{27CFB65C-90B9-48BE-B3D6-45B3F0F29335}.Debug|Any CPU.ActiveCfg = Debug|Any CPU
		{27CFB65C-90B9-48BE-B3D6-45B3F0F29335}.Debug|Any CPU.Build.0 = Debug|Any CPU
		{27CFB65C-90B9-48BE-B3D6-45B3F0F29335}.Release|Any CPU.ActiveCfg = Release|Any CPU
		{27CFB65C-90B9-48BE-B3D6-45B3F0F29335}.Release|Any CPU.Build.0 = Release|Any CPU
	EndGlobalSection
	GlobalSection(SolutionProperties) = preSolution
		HideSolutionNode = FALSE
	EndGlobalSection
	GlobalSection(ExtensibilityGlobals) = postSolution
		SolutionGuid = {81141BDE-2B9E-4489-BAD3-DD8DF228C1B9}
	EndGlobalSection
EndGlobal
